// !$*UTF8*$!
{
	archiveVersion = 1;
	classes = {
	};
	objectVersion = 50;
	objects = {

/* Begin PBXBuildFile section */
		694A09AE240203B7001F379C /* Curve25519.h in Headers */ = {isa = PBXBuildFile; fileRef = 694A09AC240203B7001F379C /* Curve25519.h */; settings = {ATTRIBUTES = (Public, ); }; };
		694A09B624020DC5001F379C /* curve25519-donna.c in Sources */ = {isa = PBXBuildFile; fileRef = 694A09B524020DC5001F379C /* curve25519-donna.c */; };
		694A09B824020DF6001F379C /* curve25519-donna-c64.c in Sources */ = {isa = PBXBuildFile; fileRef = 694A09B724020DF6001F379C /* curve25519-donna-c64.c */; };
		694A09CA240221CA001F379C /* Curve25519.swift in Sources */ = {isa = PBXBuildFile; fileRef = 694A09C9240221CA001F379C /* Curve25519.swift */; };
		694A09D124024F0C001F379C /* curve.h in Headers */ = {isa = PBXBuildFile; fileRef = 694A09D024024ED3001F379C /* curve.h */; };
/* End PBXBuildFile section */

/* Begin PBXFileReference section */
		694A09A9240203B7001F379C /* Curve25519.framework */ = {isa = PBXFileReference; explicitFileType = wrapper.framework; includeInIndex = 0; path = Curve25519.framework; sourceTree = BUILT_PRODUCTS_DIR; };
		694A09AC240203B7001F379C /* Curve25519.h */ = {isa = PBXFileReference; lastKnownFileType = sourcecode.c.h; path = Curve25519.h; sourceTree = "<group>"; };
		694A09AD240203B7001F379C /* Info.plist */ = {isa = PBXFileReference; lastKnownFileType = text.plist.xml; path = Info.plist; sourceTree = "<group>"; };
		694A09B524020DC5001F379C /* curve25519-donna.c */ = {isa = PBXFileReference; fileEncoding = 4; lastKnownFileType = sourcecode.c.c; path = "curve25519-donna.c"; sourceTree = "<group>"; };
		694A09B724020DF6001F379C /* curve25519-donna-c64.c */ = {isa = PBXFileReference; fileEncoding = 4; lastKnownFileType = sourcecode.c.c; path = "curve25519-donna-c64.c"; sourceTree = "<group>"; };
		694A09B924020EEE001F379C /* module.map */ = {isa = PBXFileReference; fileEncoding = 4; lastKnownFileType = "sourcecode.module-map"; path = module.map; sourceTree = "<group>"; };
		694A09C9240221CA001F379C /* Curve25519.swift */ = {isa = PBXFileReference; lastKnownFileType = sourcecode.swift; path = Curve25519.swift; sourceTree = "<group>"; };
		694A09D024024ED3001F379C /* curve.h */ = {isa = PBXFileReference; lastKnownFileType = sourcecode.c.h; path = curve.h; sourceTree = "<group>"; };
/* End PBXFileReference section */

/* Begin PBXFrameworksBuildPhase section */
		694A09A6240203B7001F379C /* Frameworks */ = {
			isa = PBXFrameworksBuildPhase;
			buildActionMask = 2147483647;
			files = (
			);
			runOnlyForDeploymentPostprocessing = 0;
		};
/* End PBXFrameworksBuildPhase section */

/* Begin PBXGroup section */
		694A099F240203B7001F379C = {
			isa = PBXGroup;
			children = (
				694A09AB240203B7001F379C /* Curve25519 */,
				694A09AA240203B7001F379C /* Products */,
			);
			sourceTree = "<group>";
		};
		694A09AA240203B7001F379C /* Products */ = {
			isa = PBXGroup;
			children = (
				694A09A9240203B7001F379C /* Curve25519.framework */,
			);
			name = Products;
			sourceTree = "<group>";
		};
		694A09AB240203B7001F379C /* Curve25519 */ = {
			isa = PBXGroup;
			children = (
				694A09CF24024E38001F379C /* include */,
				694A09C824022199001F379C /* wrapper */,
				694A09B424020DB2001F379C /* lib */,
				694A09AC240203B7001F379C /* Curve25519.h */,
				694A09AD240203B7001F379C /* Info.plist */,
				694A09B924020EEE001F379C /* module.map */,
			);
			path = Curve25519;
			sourceTree = "<group>";
		};
		694A09B424020DB2001F379C /* lib */ = {
			isa = PBXGroup;
			children = (
				694A09B724020DF6001F379C /* curve25519-donna-c64.c */,
				694A09B524020DC5001F379C /* curve25519-donna.c */,
			);
			path = lib;
			sourceTree = "<group>";
		};
		694A09C824022199001F379C /* wrapper */ = {
			isa = PBXGroup;
			children = (
				694A09C9240221CA001F379C /* Curve25519.swift */,
			);
			path = wrapper;
			sourceTree = "<group>";
		};
		694A09CF24024E38001F379C /* include */ = {
			isa = PBXGroup;
			children = (
				694A09D024024ED3001F379C /* curve.h */,
			);
			path = include;
			sourceTree = "<group>";
		};
/* End PBXGroup section */

/* Begin PBXHeadersBuildPhase section */
		694A09A4240203B7001F379C /* Headers */ = {
			isa = PBXHeadersBuildPhase;
			buildActionMask = 2147483647;
			files = (
				694A09AE240203B7001F379C /* Curve25519.h in Headers */,
				694A09D124024F0C001F379C /* curve.h in Headers */,
			);
			runOnlyForDeploymentPostprocessing = 0;
		};
/* End PBXHeadersBuildPhase section */

/* Begin PBXNativeTarget section */
		694A09A8240203B7001F379C /* Curve25519 */ = {
			isa = PBXNativeTarget;
			buildConfigurationList = 694A09B1240203B7001F379C /* Build configuration list for PBXNativeTarget "Curve25519" */;
			buildPhases = (
				694A09A4240203B7001F379C /* Headers */,
				694A09A5240203B7001F379C /* Sources */,
				694A09A6240203B7001F379C /* Frameworks */,
				694A09A7240203B7001F379C /* Resources */,
			);
			buildRules = (
			);
			dependencies = (
			);
			name = Curve25519;
			productName = Curve25519;
			productReference = 694A09A9240203B7001F379C /* Curve25519.framework */;
			productType = "com.apple.product-type.framework";
		};
/* End PBXNativeTarget section */

/* Begin PBXProject section */
		694A09A0240203B7001F379C /* Project object */ = {
			isa = PBXProject;
			attributes = {
				LastSwiftUpdateCheck = 1130;
				LastUpgradeCheck = 1130;
				ORGANIZATIONNAME = hyperorchid;
				TargetAttributes = {
					694A09A8240203B7001F379C = {
						CreatedOnToolsVersion = 11.3.1;
						LastSwiftMigration = 1130;
					};
				};
			};
			buildConfigurationList = 694A09A3240203B7001F379C /* Build configuration list for PBXProject "Curve25519" */;
			compatibilityVersion = "Xcode 9.3";
			developmentRegion = en;
			hasScannedForEncodings = 0;
			knownRegions = (
				en,
				Base,
			);
			mainGroup = 694A099F240203B7001F379C;
			productRefGroup = 694A09AA240203B7001F379C /* Products */;
			projectDirPath = "";
			projectRoot = "";
			targets = (
				694A09A8240203B7001F379C /* Curve25519 */,
			);
		};
/* End PBXProject section */

/* Begin PBXResourcesBuildPhase section */
		694A09A7240203B7001F379C /* Resources */ = {
			isa = PBXResourcesBuildPhase;
			buildActionMask = 2147483647;
			files = (
			);
			runOnlyForDeploymentPostprocessing = 0;
		};
/* End PBXResourcesBuildPhase section */

/* Begin PBXSourcesBuildPhase section */
		694A09A5240203B7001F379C /* Sources */ = {
			isa = PBXSourcesBuildPhase;
			buildActionMask = 2147483647;
			files = (
				694A09CA240221CA001F379C /* Curve25519.swift in Sources */,
				694A09B624020DC5001F379C /* curve25519-donna.c in Sources */,
				694A09B824020DF6001F379C /* curve25519-donna-c64.c in Sources */,
			);
			runOnlyForDeploymentPostprocessing = 0;
		};
/* End PBXSourcesBuildPhase section */

/* Begin XCBuildConfiguration section */
		694A09AF240203B7001F379C /* Debug */ = {
			isa = XCBuildConfiguration;
			buildSettings = {
				ALWAYS_SEARCH_USER_PATHS = NO;
				CLANG_ANALYZER_NONNULL = YES;
				CLANG_ANALYZER_NUMBER_OBJECT_CONVERSION = YES_AGGRESSIVE;
				CLANG_CXX_LANGUAGE_STANDARD = "gnu++14";
				CLANG_CXX_LIBRARY = "libc++";
				CLANG_ENABLE_MODULES = YES;
				CLANG_ENABLE_OBJC_ARC = YES;
				CLANG_ENABLE_OBJC_WEAK = YES;
				CLANG_WARN_BLOCK_CAPTURE_AUTORELEASING = YES;
				CLANG_WARN_BOOL_CONVERSION = YES;
				CLANG_WARN_COMMA = YES;
				CLANG_WARN_CONSTANT_CONVERSION = YES;
				CLANG_WARN_DEPRECATED_OBJC_IMPLEMENTATIONS = YES;
				CLANG_WARN_DIRECT_OBJC_ISA_USAGE = YES_ERROR;
				CLANG_WARN_DOCUMENTATION_COMMENTS = YES;
				CLANG_WARN_EMPTY_BODY = YES;
				CLANG_WARN_ENUM_CONVERSION = YES;
				CLANG_WARN_INFINITE_RECURSION = YES;
				CLANG_WARN_INT_CONVERSION = YES;
				CLANG_WARN_NON_LITERAL_NULL_CONVERSION = YES;
				CLANG_WARN_OBJC_IMPLICIT_RETAIN_SELF = YES;
				CLANG_WARN_OBJC_LITERAL_CONVERSION = YES;
				CLANG_WARN_OBJC_ROOT_CLASS = YES_ERROR;
				CLANG_WARN_RANGE_LOOP_ANALYSIS = YES;
				CLANG_WARN_STRICT_PROTOTYPES = YES;
				CLANG_WARN_SUSPICIOUS_MOVE = YES;
				CLANG_WARN_UNGUARDED_AVAILABILITY = YES_AGGRESSIVE;
				CLANG_WARN_UNREACHABLE_CODE = YES;
				CLANG_WARN__DUPLICATE_METHOD_MATCH = YES;
				COPY_PHASE_STRIP = NO;
				CURRENT_PROJECT_VERSION = 1;
				DEBUG_INFORMATION_FORMAT = dwarf;
				ENABLE_STRICT_OBJC_MSGSEND = YES;
				ENABLE_TESTABILITY = YES;
				GCC_C_LANGUAGE_STANDARD = gnu11;
				GCC_DYNAMIC_NO_PIC = NO;
				GCC_NO_COMMON_BLOCKS = YES;
				GCC_OPTIMIZATION_LEVEL = 0;
				GCC_PREPROCESSOR_DEFINITIONS = (
					"DEBUG=1",
					"$(inherited)",
				);
				GCC_WARN_64_TO_32_BIT_CONVERSION = YES;
				GCC_WARN_ABOUT_RETURN_TYPE = YES_ERROR;
				GCC_WARN_UNDECLARED_SELECTOR = YES;
				GCC_WARN_UNINITIALIZED_AUTOS = YES_AGGRESSIVE;
				GCC_WARN_UNUSED_FUNCTION = YES;
				GCC_WARN_UNUSED_VARIABLE = YES;
				IPHONEOS_DEPLOYMENT_TARGET = 13.2;
				MTL_ENABLE_DEBUG_INFO = INCLUDE_SOURCE;
				MTL_FAST_MATH = YES;
				ONLY_ACTIVE_ARCH = YES;
				SDKROOT = iphoneos;
				SWIFT_ACTIVE_COMPILATION_CONDITIONS = DEBUG;
				SWIFT_OPTIMIZATION_LEVEL = "-Onone";
				VERSIONING_SYSTEM = "apple-generic";
				VERSION_INFO_PREFIX = "";
			};
			name = Debug;
		};
		694A09B0240203B7001F379C /* Release */ = {
			isa = XCBuildConfiguration;
			buildSettings = {
				ALWAYS_SEARCH_USER_PATHS = NO;
				CLANG_ANALYZER_NONNULL = YES;
				CLANG_ANALYZER_NUMBER_OBJECT_CONVERSION = YES_AGGRESSIVE;
				CLANG_CXX_LANGUAGE_STANDARD = "gnu++14";
				CLANG_CXX_LIBRARY = "libc++";
				CLANG_ENABLE_MODULES = YES;
				CLANG_ENABLE_OBJC_ARC = YES;
				CLANG_ENABLE_OBJC_WEAK = YES;
				CLANG_WARN_BLOCK_CAPTURE_AUTORELEASING = YES;
				CLANG_WARN_BOOL_CONVERSION = YES;
				CLANG_WARN_COMMA = YES;
				CLANG_WARN_CONSTANT_CONVERSION = YES;
				CLANG_WARN_DEPRECATED_OBJC_IMPLEMENTATIONS = YES;
				CLANG_WARN_DIRECT_OBJC_ISA_USAGE = YES_ERROR;
				CLANG_WARN_DOCUMENTATION_COMMENTS = YES;
				CLANG_WARN_EMPTY_BODY = YES;
				CLANG_WARN_ENUM_CONVERSION = YES;
				CLANG_WARN_INFINITE_RECURSION = YES;
				CLANG_WARN_INT_CONVERSION = YES;
				CLANG_WARN_NON_LITERAL_NULL_CONVERSION = YES;
				CLANG_WARN_OBJC_IMPLICIT_RETAIN_SELF = YES;
				CLANG_WARN_OBJC_LITERAL_CONVERSION = YES;
				CLANG_WARN_OBJC_ROOT_CLASS = YES_ERROR;
				CLANG_WARN_RANGE_LOOP_ANALYSIS = YES;
				CLANG_WARN_STRICT_PROTOTYPES = YES;
				CLANG_WARN_SUSPICIOUS_MOVE = YES;
				CLANG_WARN_UNGUARDED_AVAILABILITY = YES_AGGRESSIVE;
				CLANG_WARN_UNREACHABLE_CODE = YES;
				CLANG_WARN__DUPLICATE_METHOD_MATCH = YES;
				COPY_PHASE_STRIP = NO;
				CURRENT_PROJECT_VERSION = 1;
				DEBUG_INFORMATION_FORMAT = "dwarf-with-dsym";
				ENABLE_NS_ASSERTIONS = NO;
				ENABLE_STRICT_OBJC_MSGSEND = YES;
				GCC_C_LANGUAGE_STANDARD = gnu11;
				GCC_NO_COMMON_BLOCKS = YES;
				GCC_WARN_64_TO_32_BIT_CONVERSION = YES;
				GCC_WARN_ABOUT_RETURN_TYPE = YES_ERROR;
				GCC_WARN_UNDECLARED_SELECTOR = YES;
				GCC_WARN_UNINITIALIZED_AUTOS = YES_AGGRESSIVE;
				GCC_WARN_UNUSED_FUNCTION = YES;
				GCC_WARN_UNUSED_VARIABLE = YES;
				IPHONEOS_DEPLOYMENT_TARGET = 13.2;
				MTL_ENABLE_DEBUG_INFO = NO;
				MTL_FAST_MATH = YES;
				SDKROOT = iphoneos;
				SWIFT_COMPILATION_MODE = wholemodule;
				SWIFT_OPTIMIZATION_LEVEL = "-O";
				VALIDATE_PRODUCT = YES;
				VERSIONING_SYSTEM = "apple-generic";
				VERSION_INFO_PREFIX = "";
			};
			name = Release;
		};
		694A09B2240203B7001F379C /* Debug */ = {
			isa = XCBuildConfiguration;
			buildSettings = {
				APPLICATION_EXTENSION_API_ONLY = YES;
				CLANG_ALLOW_NON_MODULAR_INCLUDES_IN_FRAMEWORK_MODULES = NO;
				CLANG_ENABLE_MODULES = YES;
				CODE_SIGN_STYLE = Manual;
				DEFINES_MODULE = YES;
				DEVELOPMENT_TEAM = "";
				DYLIB_COMPATIBILITY_VERSION = 1;
				DYLIB_CURRENT_VERSION = 1;
				DYLIB_INSTALL_NAME_BASE = "@rpath";
				INFOPLIST_FILE = Curve25519/Info.plist;
				INFOPLIST_OUTPUT_FORMAT = "same-as-input";
				INSTALL_PATH = "$(LOCAL_LIBRARY_DIR)/Frameworks";
				IPHONEOS_DEPLOYMENT_TARGET = 10.0;
				LD_RUNPATH_SEARCH_PATHS = (
					"$(inherited)",
					"@executable_path/Frameworks",
					"@loader_path/Frameworks",
				);
				MACOSX_DEPLOYMENT_TARGET = 10.15;
				MODULEMAP_FILE = "";
				OTHER_CFLAGS = "-D__curve25519_32__";
				PLIST_FILE_OUTPUT_FORMAT = "same-as-input";
				PRODUCT_BUNDLE_IDENTIFIER = com.hop.Curve25519;
				PRODUCT_NAME = "$(TARGET_NAME:c99extidentifier)";
				PROVISIONING_PROFILE_SPECIFIER = "";
				"PROVISIONING_PROFILE_SPECIFIER[sdk=macosx*]" = "";
				SDKROOT = macosx;
				SKIP_INSTALL = YES;
				STRINGS_FILE_OUTPUT_ENCODING = "UTF-16";
				SUPPORTED_PLATFORMS = "macosx iphonesimulator iphoneos";
				SUPPORTS_MACCATALYST = YES;
				SWIFT_INCLUDE_PATHS = "$(SRCROOT)/Curve25519";
				SWIFT_OPTIMIZATION_LEVEL = "-Onone";
				SWIFT_VERSION = 5.0;
				TARGETED_DEVICE_FAMILY = "1,2";
			};
			name = Debug;
		};
		694A09B3240203B7001F379C /* Release */ = {
			isa = XCBuildConfiguration;
			buildSettings = {
				APPLICATION_EXTENSION_API_ONLY = YES;
				CLANG_ALLOW_NON_MODULAR_INCLUDES_IN_FRAMEWORK_MODULES = NO;
				CLANG_ENABLE_MODULES = YES;
				CODE_SIGN_STYLE = Manual;
				DEFINES_MODULE = YES;
				DEVELOPMENT_TEAM = "";
				DYLIB_COMPATIBILITY_VERSION = 1;
				DYLIB_CURRENT_VERSION = 1;
				DYLIB_INSTALL_NAME_BASE = "@rpath";
				INFOPLIST_FILE = Curve25519/Info.plist;
				INFOPLIST_OUTPUT_FORMAT = "same-as-input";
				INSTALL_PATH = "$(LOCAL_LIBRARY_DIR)/Frameworks";
				IPHONEOS_DEPLOYMENT_TARGET = 10.0;
				LD_RUNPATH_SEARCH_PATHS = (
					"$(inherited)",
					"@executable_path/Frameworks",
					"@loader_path/Frameworks",
				);
				MACOSX_DEPLOYMENT_TARGET = 10.15;
				MODULEMAP_FILE = "";
				OTHER_CFLAGS = "-D__curve25519_32__";
				PLIST_FILE_OUTPUT_FORMAT = "same-as-input";
				PRODUCT_BUNDLE_IDENTIFIER = com.hop.Curve25519;
				PRODUCT_NAME = "$(TARGET_NAME:c99extidentifier)";
				PROVISIONING_PROFILE_SPECIFIER = "";
				"PROVISIONING_PROFILE_SPECIFIER[sdk=macosx*]" = "";
				SDKROOT = macosx;
				SKIP_INSTALL = YES;
				STRINGS_FILE_OUTPUT_ENCODING = "UTF-16";
				SUPPORTED_PLATFORMS = "macosx iphonesimulator iphoneos";
				SUPPORTS_MACCATALYST = YES;
				SWIFT_INCLUDE_PATHS = "$(SRCROOT)/Curve25519";
				SWIFT_VERSION = 5.0;
				TARGETED_DEVICE_FAMILY = "1,2";
			};
			name = Release;
		};
/* End XCBuildConfiguration section */

/* Begin XCConfigurationList section */
		694A09A3240203B7001F379C /* Build configuration list for PBXProject "Curve25519" */ = {
			isa = XCConfigurationList;
			buildConfigurations = (
				694A09AF240203B7001F379C /* Debug */,
				694A09B0240203B7001F379C /* Release */,
			);
			defaultConfigurationIsVisible = 0;
			defaultConfigurationName = Release;
		};
		694A09B1240203B7001F379C /* Build configuration list for PBXNativeTarget "Curve25519" */ = {
			isa = XCConfigurationList;
			buildConfigurations = (
				694A09B2240203B7001F379C /* Debug */,
				694A09B3240203B7001F379C /* Release */,
			);
			defaultConfigurationIsVisible = 0;
			defaultConfigurationName = Release;
		};
/* End XCConfigurationList section */
	};
	rootObject = 694A09A0240203B7001F379C /* Project object */;
}
